
Microsoft Visual Studio Solution File, Format Version 12.00
# Visual Studio 15
VisualStudioVersion = 15.0.26403.7
MinimumVisualStudioVersion = 10.0.40219.1
Project("{FAE04EC0-301F-11D3-BF4B-00C04F79EFBC}") = "Patreon.Api", "Patreon.Api\Patreon.Api.csproj", "{1D6ABC78-3E70-4563-A56A-4527CE3CA590}"
EndProject
Project("{FAE04EC0-301F-11D3-BF4B-00C04F79EFBC}") = "Patreon.Api.Tests", "Patreon.Api.Tests\Patreon.Api.Tests.csproj", "{7ADCCA12-4104-49D1-B343-51B194438203}"
EndProject
Project("{FAE04EC0-301F-11D3-BF4B-00C04F79EFBC}") = "Patreon.Console", "Patreon.Console\Patreon.Console.csproj", "{F0874C76-0BD1-4219-B166-F4655FC34096}"
EndProject
Project("{9A19103F-16F7-4668-BE54-9A1E7A4F7556}") = "System.Net.Http.HttpListener", "..\ext\System.Net.Http.HttpListener\System.Net.Http.HttpListener.csproj", "{878D10B1-3B1C-4694-B13B-E2BE7FA2F451}"
EndProject
Global
	GlobalSection(SolutionConfigurationPlatforms) = preSolution
		Debug|Any CPU = Debug|Any CPU
		Release|Any CPU = Release|Any CPU
	EndGlobalSection
	GlobalSection(ProjectConfigurationPlatforms) = postSolution
		{1D6ABC78-3E70-4563-A56A-4527CE3CA590}.Debug|Any CPU.ActiveCfg = Debug|Any CPU
		{1D6ABC78-3E70-4563-A56A-4527CE3CA590}.Debug|Any CPU.Build.0 = Debug|Any CPU
		{1D6ABC78-3E70-4563-A56A-4527CE3CA590}.Release|Any CPU.ActiveCfg = Release|Any CPU
		{1D6ABC78-3E70-4563-A56A-4527CE3CA590}.Release|Any CPU.Build.0 = Release|Any CPU
		{7ADCCA12-4104-49D1-B343-51B194438203}.Debug|Any CPU.ActiveCfg = Debug|Any CPU
		{7ADCCA12-4104-49D1-B343-51B194438203}.Debug|Any CPU.Build.0 = Debug|Any CPU
		{7ADCCA12-4104-49D1-B343-51B194438203}.Release|Any CPU.ActiveCfg = Release|Any CPU
		{7ADCCA12-4104-49D1-B343-51B194438203}.Release|Any CPU.Build.0 = Release|Any CPU
		{F0874C76-0BD1-4219-B166-F4655FC34096}.Debug|Any CPU.ActiveCfg = Debug|Any CPU
		{F0874C76-0BD1-4219-B166-F4655FC34096}.Debug|Any CPU.Build.0 = Debug|Any CPU
		{F0874C76-0BD1-4219-B166-F4655FC34096}.Release|Any CPU.ActiveCfg = Release|Any CPU
		{F0874C76-0BD1-4219-B166-F4655FC34096}.Release|Any CPU.Build.0 = Release|Any CPU
		{878D10B1-3B1C-4694-B13B-E2BE7FA2F451}.Debug|Any CPU.ActiveCfg = Debug|Any CPU
		{878D10B1-3B1C-4694-B13B-E2BE7FA2F451}.Debug|Any CPU.Build.0 = Debug|Any CPU
		{878D10B1-3B1C-4694-B13B-E2BE7FA2F451}.Release|Any CPU.ActiveCfg = Release|Any CPU
		{878D10B1-3B1C-4694-B13B-E2BE7FA2F451}.Release|Any CPU.Build.0 = Release|Any CPU
	EndGlobalSection
	GlobalSection(SolutionProperties) = preSolution
		HideSolutionNode = FALSE
	EndGlobalSection
EndGlobal
